
Microsoft Visual Studio Solution File, Format Version 12.00
# Visual Studio Version 16
VisualStudioVersion = 16.0.30517.126
MinimumVisualStudioVersion = 10.0.40219.1
Project("{FAE04EC0-301F-11D3-BF4B-00C04F79EFBC}") = "SharpCredScanner", "SharpCredScanner\SharpCredScanner.csproj", "{D5C4EA31-6224-4F35-B0F1-B7ED97B235D3}"
EndProject
Project("{FAE04EC0-301F-11D3-BF4B-00C04F79EFBC}") = "SharpCredScanner.Tests", "SharpCredScanner.Tests\SharpCredScanner.Tests.csproj", "{39BAEC73-8497-4807-8614-A0C3B5523ACF}"
EndProject
Project("{2150E333-8FDC-42A3-9474-1A3956D46DE8}") = "Solution Items", "Solution Items", "{DCFEA1B3-DAFE-4270-BE54-14A928F17DCB}"
	ProjectSection(SolutionItems) = preProject
		.editorconfig = .editorconfig
	EndProjectSection
EndProject
Global
	GlobalSection(SolutionConfigurationPlatforms) = preSolution
		Debug|Any CPU = Debug|Any CPU
		Release|Any CPU = Release|Any CPU
	EndGlobalSection
	GlobalSection(ProjectConfigurationPlatforms) = postSolution
		{D5C4EA31-6224-4F35-B0F1-B7ED97B235D3}.Debug|Any CPU.ActiveCfg = Debug|Any CPU
		{D5C4EA31-6224-4F35-B0F1-B7ED97B235D3}.Debug|Any CPU.Build.0 = Debug|Any CPU
		{D5C4EA31-6224-4F35-B0F1-B7ED97B235D3}.Release|Any CPU.ActiveCfg = Release|Any CPU
		{D5C4EA31-6224-4F35-B0F1-B7ED97B235D3}.Release|Any CPU.Build.0 = Release|Any CPU
		{39BAEC73-8497-4807-8614-A0C3B5523ACF}.Debug|Any CPU.ActiveCfg = Debug|Any CPU
		{39BAEC73-8497-4807-8614-A0C3B5523ACF}.Debug|Any CPU.Build.0 = Debug|Any CPU
		{39BAEC73-8497-4807-8614-A0C3B5523ACF}.Release|Any CPU.ActiveCfg = Release|Any CPU
		{39BAEC73-8497-4807-8614-A0C3B5523ACF}.Release|Any CPU.Build.0 = Release|Any CPU
	EndGlobalSection
	GlobalSection(SolutionProperties) = preSolution
		HideSolutionNode = FALSE
	EndGlobalSection
	GlobalSection(ExtensibilityGlobals) = postSolution
		SolutionGuid = {735AA879-8BC2-44E1-A4A9-578A095B1388}
	EndGlobalSection
EndGlobal
