
Microsoft Visual Studio Solution File, Format Version 12.00
# Visual Studio Version 16
VisualStudioVersion = 16.0.30517.126
MinimumVisualStudioVersion = 10.0.40219.1
Project("{FAE04EC0-301F-11D3-BF4B-00C04F79EFBC}") = "SharpCredScanner", "SharpCredScanner\SharpCredScanner.csproj", "{D5C4EA31-6224-4F35-B0F1-B7ED97B235D3}"
EndProject
Global
	GlobalSection(SolutionConfigurationPlatforms) = preSolution
		Debug|Any CPU = Debug|Any CPU
		Release|Any CPU = Release|Any CPU
	EndGlobalSection
	GlobalSection(ProjectConfigurationPlatforms) = postSolution
		{D5C4EA31-6224-4F35-B0F1-B7ED97B235D3}.Debug|Any CPU.ActiveCfg = Debug|Any CPU
		{D5C4EA31-6224-4F35-B0F1-B7ED97B235D3}.Debug|Any CPU.Build.0 = Debug|Any CPU
		{D5C4EA31-6224-4F35-B0F1-B7ED97B235D3}.Release|Any CPU.ActiveCfg = Release|Any CPU
		{D5C4EA31-6224-4F35-B0F1-B7ED97B235D3}.Release|Any CPU.Build.0 = Release|Any CPU
	EndGlobalSection
	GlobalSection(SolutionProperties) = preSolution
		HideSolutionNode = FALSE
	EndGlobalSection
	GlobalSection(ExtensibilityGlobals) = postSolution
		SolutionGuid = {735AA879-8BC2-44E1-A4A9-578A095B1388}
	EndGlobalSection
EndGlobal
